
Microsoft Visual Studio Solution File, Format Version 12.00
# Visual Studio 2012
Project("{8BC9CEB8-8B4A-11D0-8D11-00A0C91BC942}") = "SuitorQueue", "SuitorQueue\SuitorQueue.vcxproj", "{8B935069-22C7-4F2D-9543-6546B3BE0E80}"
EndProject
Global
	GlobalSection(SolutionConfigurationPlatforms) = preSolution
		Debug|Win32 = Debug|Win32
		Release|Win32 = Release|Win32
	EndGlobalSection
	GlobalSection(ProjectConfigurationPlatforms) = postSolution
		{8B935069-22C7-4F2D-9543-6546B3BE0E80}.Debug|Win32.ActiveCfg = Debug|Win32
		{8B935069-22C7-4F2D-9543-6546B3BE0E80}.Debug|Win32.Build.0 = Debug|Win32
		{8B935069-22C7-4F2D-9543-6546B3BE0E80}.Release|Win32.ActiveCfg = Release|Win32
		{8B935069-22C7-4F2D-9543-6546B3BE0E80}.Release|Win32.Build.0 = Release|Win32
	EndGlobalSection
	GlobalSection(SolutionProperties) = preSolution
		HideSolutionNode = FALSE
	EndGlobalSection
EndGlobal
