
Microsoft Visual Studio Solution File, Format Version 12.00
# Visual Studio 2012
Project("{8BC9CEB8-8B4A-11D0-8D11-00A0C91BC942}") = "Infixtopostfix", "Infixtopostfix\Infixtopostfix.vcxproj", "{82B7F64D-7A72-4996-9655-8B7A6D84A48E}"
EndProject
Global
	GlobalSection(SolutionConfigurationPlatforms) = preSolution
		Debug|Win32 = Debug|Win32
		Release|Win32 = Release|Win32
	EndGlobalSection
	GlobalSection(ProjectConfigurationPlatforms) = postSolution
		{82B7F64D-7A72-4996-9655-8B7A6D84A48E}.Debug|Win32.ActiveCfg = Debug|Win32
		{82B7F64D-7A72-4996-9655-8B7A6D84A48E}.Debug|Win32.Build.0 = Debug|Win32
		{82B7F64D-7A72-4996-9655-8B7A6D84A48E}.Release|Win32.ActiveCfg = Release|Win32
		{82B7F64D-7A72-4996-9655-8B7A6D84A48E}.Release|Win32.Build.0 = Release|Win32
	EndGlobalSection
	GlobalSection(SolutionProperties) = preSolution
		HideSolutionNode = FALSE
	EndGlobalSection
EndGlobal
