
Microsoft Visual Studio Solution File, Format Version 12.00
# Visual Studio 2012
Project("{8BC9CEB8-8B4A-11D0-8D11-00A0C91BC942}") = "LinkListNameSort", "LinkListNameSort\LinkListNameSort.vcxproj", "{109AC878-DEC2-488C-BBF3-653C9D1257DA}"
EndProject
Global
	GlobalSection(SolutionConfigurationPlatforms) = preSolution
		Debug|Win32 = Debug|Win32
		Release|Win32 = Release|Win32
	EndGlobalSection
	GlobalSection(ProjectConfigurationPlatforms) = postSolution
		{109AC878-DEC2-488C-BBF3-653C9D1257DA}.Debug|Win32.ActiveCfg = Debug|Win32
		{109AC878-DEC2-488C-BBF3-653C9D1257DA}.Debug|Win32.Build.0 = Debug|Win32
		{109AC878-DEC2-488C-BBF3-653C9D1257DA}.Release|Win32.ActiveCfg = Release|Win32
		{109AC878-DEC2-488C-BBF3-653C9D1257DA}.Release|Win32.Build.0 = Release|Win32
	EndGlobalSection
	GlobalSection(SolutionProperties) = preSolution
		HideSolutionNode = FALSE
	EndGlobalSection
EndGlobal
