
Microsoft Visual Studio Solution File, Format Version 12.00
# Visual Studio 2012
Project("{8BC9CEB8-8B4A-11D0-8D11-00A0C91BC942}") = "Overload Throttle", "Overload Throttle\Overload Throttle.vcxproj", "{BC2E4552-EF3D-4FF3-BACD-EAE88F5F2822}"
EndProject
Global
	GlobalSection(SolutionConfigurationPlatforms) = preSolution
		Debug|Win32 = Debug|Win32
		Release|Win32 = Release|Win32
	EndGlobalSection
	GlobalSection(ProjectConfigurationPlatforms) = postSolution
		{BC2E4552-EF3D-4FF3-BACD-EAE88F5F2822}.Debug|Win32.ActiveCfg = Debug|Win32
		{BC2E4552-EF3D-4FF3-BACD-EAE88F5F2822}.Debug|Win32.Build.0 = Debug|Win32
		{BC2E4552-EF3D-4FF3-BACD-EAE88F5F2822}.Release|Win32.ActiveCfg = Release|Win32
		{BC2E4552-EF3D-4FF3-BACD-EAE88F5F2822}.Release|Win32.Build.0 = Release|Win32
	EndGlobalSection
	GlobalSection(SolutionProperties) = preSolution
		HideSolutionNode = FALSE
	EndGlobalSection
EndGlobal
